
Microsoft Visual Studio Solution File, Format Version 12.00
# Visual Studio Version 17
VisualStudioVersion = 17.13.35806.99
MinimumVisualStudioVersion = 10.0.40219.1
Project("{FAE04EC0-301F-11D3-BF4B-00C04F79EFBC}") = "POOConcepts", "POOConcepts\POOConcepts.csproj", "{A70C2FF5-AF65-48FF-B6B9-434BC4D6C3ED}"
EndProject
Project("{2150E333-8FDC-42A3-9474-1A3956D46DE8}") = "Practica", "Practica", "{02EA681E-C7D8-13C7-8484-4AC65E1B71E8}"
EndProject
Project("{FAE04EC0-301F-11D3-BF4B-00C04F79EFBC}") = "Ejercicio_09", "Ejercicio_09\Ejercicio_09.csproj", "{1442E76E-0388-4B05-89D5-8F3047A8043B}"
EndProject
Project("{FAE04EC0-301F-11D3-BF4B-00C04F79EFBC}") = "AlmacenesSuceso_10", "AlmacenesSuceso\AlmacenesSuceso_10.csproj", "{6E48EC01-C19A-4664-B56C-4129E2A1A352}"
EndProject
Project("{FAE04EC0-301F-11D3-BF4B-00C04F79EFBC}") = "EmpresaTransporte_11", "EmpresaTransporte\EmpresaTransporte_11.csproj", "{C68009FF-54DB-4FAE-A8BF-499DB00090B1}"
EndProject
Project("{FAE04EC0-301F-11D3-BF4B-00C04F79EFBC}") = "Prueba", "Prueba\Prueba.csproj", "{9CE8FE98-64AB-4336-87AE-B0BBBD746799}"
EndProject
Project("{FAE04EC0-301F-11D3-BF4B-00C04F79EFBC}") = "SerieNumeros_12", "SerieNumeros_12\SerieNumeros_12.csproj", "{5D8C3254-EB5E-405E-B1DB-E5F3929322D2}"
EndProject
Project("{2150E333-8FDC-42A3-9474-1A3956D46DE8}") = "tasks", "tasks", "{A6408CDC-60E8-410F-9C2E-C34A10ECCDE1}"
EndProject
Project("{FAE04EC0-301F-11D3-BF4B-00C04F79EFBC}") = "Taller_01_POO", "Taller_01_POO\Taller_01_POO\Taller_01_POO.csproj", "{65986AAF-EB22-4917-9363-5EB2607781FF}"
EndProject
Global
	GlobalSection(SolutionConfigurationPlatforms) = preSolution
		Debug|Any CPU = Debug|Any CPU
		Release|Any CPU = Release|Any CPU
	EndGlobalSection
	GlobalSection(ProjectConfigurationPlatforms) = postSolution
		{A70C2FF5-AF65-48FF-B6B9-434BC4D6C3ED}.Debug|Any CPU.ActiveCfg = Debug|Any CPU
		{A70C2FF5-AF65-48FF-B6B9-434BC4D6C3ED}.Debug|Any CPU.Build.0 = Debug|Any CPU
		{A70C2FF5-AF65-48FF-B6B9-434BC4D6C3ED}.Release|Any CPU.ActiveCfg = Release|Any CPU
		{A70C2FF5-AF65-48FF-B6B9-434BC4D6C3ED}.Release|Any CPU.Build.0 = Release|Any CPU
		{1442E76E-0388-4B05-89D5-8F3047A8043B}.Debug|Any CPU.ActiveCfg = Debug|Any CPU
		{1442E76E-0388-4B05-89D5-8F3047A8043B}.Debug|Any CPU.Build.0 = Debug|Any CPU
		{1442E76E-0388-4B05-89D5-8F3047A8043B}.Release|Any CPU.ActiveCfg = Release|Any CPU
		{1442E76E-0388-4B05-89D5-8F3047A8043B}.Release|Any CPU.Build.0 = Release|Any CPU
		{6E48EC01-C19A-4664-B56C-4129E2A1A352}.Debug|Any CPU.ActiveCfg = Debug|Any CPU
		{6E48EC01-C19A-4664-B56C-4129E2A1A352}.Debug|Any CPU.Build.0 = Debug|Any CPU
		{6E48EC01-C19A-4664-B56C-4129E2A1A352}.Release|Any CPU.ActiveCfg = Release|Any CPU
		{6E48EC01-C19A-4664-B56C-4129E2A1A352}.Release|Any CPU.Build.0 = Release|Any CPU
		{C68009FF-54DB-4FAE-A8BF-499DB00090B1}.Debug|Any CPU.ActiveCfg = Debug|Any CPU
		{C68009FF-54DB-4FAE-A8BF-499DB00090B1}.Debug|Any CPU.Build.0 = Debug|Any CPU
		{C68009FF-54DB-4FAE-A8BF-499DB00090B1}.Release|Any CPU.ActiveCfg = Release|Any CPU
		{C68009FF-54DB-4FAE-A8BF-499DB00090B1}.Release|Any CPU.Build.0 = Release|Any CPU
		{9CE8FE98-64AB-4336-87AE-B0BBBD746799}.Debug|Any CPU.ActiveCfg = Debug|Any CPU
		{9CE8FE98-64AB-4336-87AE-B0BBBD746799}.Debug|Any CPU.Build.0 = Debug|Any CPU
		{9CE8FE98-64AB-4336-87AE-B0BBBD746799}.Release|Any CPU.ActiveCfg = Release|Any CPU
		{9CE8FE98-64AB-4336-87AE-B0BBBD746799}.Release|Any CPU.Build.0 = Release|Any CPU
		{5D8C3254-EB5E-405E-B1DB-E5F3929322D2}.Debug|Any CPU.ActiveCfg = Debug|Any CPU
		{5D8C3254-EB5E-405E-B1DB-E5F3929322D2}.Debug|Any CPU.Build.0 = Debug|Any CPU
		{5D8C3254-EB5E-405E-B1DB-E5F3929322D2}.Release|Any CPU.ActiveCfg = Release|Any CPU
		{5D8C3254-EB5E-405E-B1DB-E5F3929322D2}.Release|Any CPU.Build.0 = Release|Any CPU
		{65986AAF-EB22-4917-9363-5EB2607781FF}.Debug|Any CPU.ActiveCfg = Debug|Any CPU
		{65986AAF-EB22-4917-9363-5EB2607781FF}.Debug|Any CPU.Build.0 = Debug|Any CPU
		{65986AAF-EB22-4917-9363-5EB2607781FF}.Release|Any CPU.ActiveCfg = Release|Any CPU
		{65986AAF-EB22-4917-9363-5EB2607781FF}.Release|Any CPU.Build.0 = Release|Any CPU
	EndGlobalSection
	GlobalSection(SolutionProperties) = preSolution
		HideSolutionNode = FALSE
	EndGlobalSection
	GlobalSection(NestedProjects) = preSolution
		{1442E76E-0388-4B05-89D5-8F3047A8043B} = {02EA681E-C7D8-13C7-8484-4AC65E1B71E8}
		{6E48EC01-C19A-4664-B56C-4129E2A1A352} = {02EA681E-C7D8-13C7-8484-4AC65E1B71E8}
		{C68009FF-54DB-4FAE-A8BF-499DB00090B1} = {02EA681E-C7D8-13C7-8484-4AC65E1B71E8}
		{9CE8FE98-64AB-4336-87AE-B0BBBD746799} = {02EA681E-C7D8-13C7-8484-4AC65E1B71E8}
		{5D8C3254-EB5E-405E-B1DB-E5F3929322D2} = {02EA681E-C7D8-13C7-8484-4AC65E1B71E8}
		{65986AAF-EB22-4917-9363-5EB2607781FF} = {A6408CDC-60E8-410F-9C2E-C34A10ECCDE1}
	EndGlobalSection
	GlobalSection(ExtensibilityGlobals) = postSolution
		SolutionGuid = {55D35268-AD28-449B-A9CF-5423E449BE6E}
	EndGlobalSection
EndGlobal
